
Microsoft Visual Studio Solution File, Format Version 12.00
# Visual Studio Version 16
VisualStudioVersion = 16.0.29613.14
MinimumVisualStudioVersion = 10.0.40219.1
Project("{FAE04EC0-301F-11D3-BF4B-00C04F79EFBC}") = "MyZipFile", "MyZipFile\MyZipFile.csproj", "{1FBC83AE-FDE0-4B60-97FD-C6AB84A2413F}"
EndProject
Global
	GlobalSection(SolutionConfigurationPlatforms) = preSolution
		Debug|Any CPU = Debug|Any CPU
		Release|Any CPU = Release|Any CPU
	EndGlobalSection
	GlobalSection(ProjectConfigurationPlatforms) = postSolution
		{1FBC83AE-FDE0-4B60-97FD-C6AB84A2413F}.Debug|Any CPU.ActiveCfg = Debug|Any CPU
		{1FBC83AE-FDE0-4B60-97FD-C6AB84A2413F}.Debug|Any CPU.Build.0 = Debug|Any CPU
		{1FBC83AE-FDE0-4B60-97FD-C6AB84A2413F}.Release|Any CPU.ActiveCfg = Release|Any CPU
		{1FBC83AE-FDE0-4B60-97FD-C6AB84A2413F}.Release|Any CPU.Build.0 = Release|Any CPU
	EndGlobalSection
	GlobalSection(SolutionProperties) = preSolution
		HideSolutionNode = FALSE
	EndGlobalSection
	GlobalSection(ExtensibilityGlobals) = postSolution
		SolutionGuid = {B7FC3B60-F829-4B80-85C4-F698A6010147}
	EndGlobalSection
EndGlobal
